
Microsoft Visual Studio Solution File, Format Version 12.00
# Visual Studio Version 17
VisualStudioVersion = 17.7.34221.43
MinimumVisualStudioVersion = 10.0.40219.1
Project("{FAE04EC0-301F-11D3-BF4B-00C04F79EFBC}") = "ProductsAssignment", "ProductsAssignment\ProductsAssignment.csproj", "{A18693B8-F4D3-489D-B0C4-DEE848CFB746}"
EndProject
Global
	GlobalSection(SolutionConfigurationPlatforms) = preSolution
		Debug|Any CPU = Debug|Any CPU
		Release|Any CPU = Release|Any CPU
	EndGlobalSection
	GlobalSection(ProjectConfigurationPlatforms) = postSolution
		{A18693B8-F4D3-489D-B0C4-DEE848CFB746}.Debug|Any CPU.ActiveCfg = Debug|Any CPU
		{A18693B8-F4D3-489D-B0C4-DEE848CFB746}.Debug|Any CPU.Build.0 = Debug|Any CPU
		{A18693B8-F4D3-489D-B0C4-DEE848CFB746}.Release|Any CPU.ActiveCfg = Release|Any CPU
		{A18693B8-F4D3-489D-B0C4-DEE848CFB746}.Release|Any CPU.Build.0 = Release|Any CPU
	EndGlobalSection
	GlobalSection(SolutionProperties) = preSolution
		HideSolutionNode = FALSE
	EndGlobalSection
	GlobalSection(ExtensibilityGlobals) = postSolution
		SolutionGuid = {8BBD7B16-8E73-49D8-8295-A37064700157}
	EndGlobalSection
EndGlobal
